{
  "nodes": {
    "fbdoom-deck": {
      "flake": false,
      "locked": {
        "lastModified": 1764602340,
        "narHash": "sha256-1ufU1B+wRZi7YIFsoB64Fiop8jVGeZE+UUV15hghQXA=",
        "owner": "BraiinsForge",
        "repo": "fbDOOM-fork",
        "rev": "26ea06ff3656e477019641d45b4c7d9066887503",
        "type": "github"
      },
      "original": {
        "owner": "BraiinsForge",
        "ref": "doom-deck-mp",
        "repo": "fbDOOM-fork",
        "type": "github"
      }
    },
    "fbdoom-miniminer": {
      "flake": false,
      "locked": {
        "lastModified": 1763575493,
        "narHash": "sha256-UpNUarV3cDzQgswPLTWpBcQP87Ft4LMUy0wHpIkykq4=",
        "owner": "BraiinsForge",
        "repo": "fbDOOM-fork",
        "rev": "2c7ba0f47676b3cd0f09722f1264e9d2f4a313c4",
        "type": "github"
      },
      "original": {
        "owner": "BraiinsForge",
        "ref": "doom-miniminer",
        "repo": "fbDOOM-fork",
        "type": "github"
      }
    },
    "nixpkgs": {
      "locked": {
        "lastModified": 1764560356,
        "narHash": "sha256-M5aFEFPppI4UhdOxwdmceJ9bDJC4T6C6CzCK1E2FZyo=",
        "owner": "NixOS",
        "repo": "nixpkgs",
        "rev": "6c8f0cca84510cc79e09ea99a299c9bc17d03cb6",
        "type": "github"
      },
      "original": {
        "owner": "NixOS",
        "ref": "nixos-25.05",
        "repo": "nixpkgs",
        "type": "github"
      }
    },
    "root": {
      "inputs": {
        "fbdoom-deck": "fbdoom-deck",
        "fbdoom-miniminer": "fbdoom-miniminer",
        "nixpkgs": "nixpkgs"
      }
    }
  },
  "root": "root",
  "version": 7
}
